
Microsoft Visual Studio Solution File, Format Version 12.00
# Visual Studio Version 16
VisualStudioVersion = 16.0.29806.167
MinimumVisualStudioVersion = 10.0.40219.1
Project("{FAE04EC0-301F-11D3-BF4B-00C04F79EFBC}") = "SocialNetwork.Web.Service", "SocialNetwork.Web.Service\SocialNetwork.Web.Service.csproj", "{8DDF07C8-F18C-47F3-AFC2-F1439D183EB4}"
EndProject
Project("{FAE04EC0-301F-11D3-BF4B-00C04F79EFBC}") = "SocialNetwork.Web.Client", "SocialNetwork.Web.Client\SocialNetwork.Web.Client.csproj", "{DE478533-80DE-432A-8980-FEEE8C4E3535}"
EndProject
Global
	GlobalSection(SolutionConfigurationPlatforms) = preSolution
		Debug|Any CPU = Debug|Any CPU
		Release|Any CPU = Release|Any CPU
	EndGlobalSection
	GlobalSection(ProjectConfigurationPlatforms) = postSolution
		{8DDF07C8-F18C-47F3-AFC2-F1439D183EB4}.Debug|Any CPU.ActiveCfg = Debug|Any CPU
		{8DDF07C8-F18C-47F3-AFC2-F1439D183EB4}.Debug|Any CPU.Build.0 = Debug|Any CPU
		{8DDF07C8-F18C-47F3-AFC2-F1439D183EB4}.Release|Any CPU.ActiveCfg = Release|Any CPU
		{8DDF07C8-F18C-47F3-AFC2-F1439D183EB4}.Release|Any CPU.Build.0 = Release|Any CPU
		{DE478533-80DE-432A-8980-FEEE8C4E3535}.Debug|Any CPU.ActiveCfg = Debug|Any CPU
		{DE478533-80DE-432A-8980-FEEE8C4E3535}.Debug|Any CPU.Build.0 = Debug|Any CPU
		{DE478533-80DE-432A-8980-FEEE8C4E3535}.Release|Any CPU.ActiveCfg = Release|Any CPU
		{DE478533-80DE-432A-8980-FEEE8C4E3535}.Release|Any CPU.Build.0 = Release|Any CPU
	EndGlobalSection
	GlobalSection(SolutionProperties) = preSolution
		HideSolutionNode = FALSE
	EndGlobalSection
	GlobalSection(ExtensibilityGlobals) = postSolution
		SolutionGuid = {A8C576C8-A631-4285-A441-61081B89A37C}
	EndGlobalSection
EndGlobal
